
Microsoft Visual Studio Solution File, Format Version 12.00
# Visual Studio Version 17
VisualStudioVersion = 17.12.35527.113 d17.12
MinimumVisualStudioVersion = 10.0.40219.1
Project("{FAE04EC0-301F-11D3-BF4B-00C04F79EFBC}") = "Keells.Server", "Keells.Server\Keells.Server.csproj", "{1C83229B-F5F2-489C-8BD8-549F51EB71F5}"
EndProject
Project("{54A90642-561A-4BB1-A94E-469ADEE60C69}") = "keells.client", "keells.client\keells.client.esproj", "{7979F56E-86ED-4C6A-A5D2-490C898EC25E}"
EndProject
Global
	GlobalSection(SolutionConfigurationPlatforms) = preSolution
		Debug|Any CPU = Debug|Any CPU
		Release|Any CPU = Release|Any CPU
	EndGlobalSection
	GlobalSection(ProjectConfigurationPlatforms) = postSolution
		{1C83229B-F5F2-489C-8BD8-549F51EB71F5}.Debug|Any CPU.ActiveCfg = Debug|Any CPU
		{1C83229B-F5F2-489C-8BD8-549F51EB71F5}.Debug|Any CPU.Build.0 = Debug|Any CPU
		{1C83229B-F5F2-489C-8BD8-549F51EB71F5}.Release|Any CPU.ActiveCfg = Release|Any CPU
		{1C83229B-F5F2-489C-8BD8-549F51EB71F5}.Release|Any CPU.Build.0 = Release|Any CPU
		{7979F56E-86ED-4C6A-A5D2-490C898EC25E}.Debug|Any CPU.ActiveCfg = Debug|Any CPU
		{7979F56E-86ED-4C6A-A5D2-490C898EC25E}.Debug|Any CPU.Build.0 = Debug|Any CPU
		{7979F56E-86ED-4C6A-A5D2-490C898EC25E}.Debug|Any CPU.Deploy.0 = Debug|Any CPU
		{7979F56E-86ED-4C6A-A5D2-490C898EC25E}.Release|Any CPU.ActiveCfg = Release|Any CPU
		{7979F56E-86ED-4C6A-A5D2-490C898EC25E}.Release|Any CPU.Build.0 = Release|Any CPU
		{7979F56E-86ED-4C6A-A5D2-490C898EC25E}.Release|Any CPU.Deploy.0 = Release|Any CPU
	EndGlobalSection
	GlobalSection(SolutionProperties) = preSolution
		HideSolutionNode = FALSE
	EndGlobalSection
EndGlobal
